{
    "name": "zerotohero",
    "version": "0.1.0",
    "lockfileVersion": 1,
    "requires": true,
    "dependencies": {
        "d3-array": {
            "version": "1.2.4",
            "resolved": "https://registry.npmjs.org/d3-array/-/d3-array-1.2.4.tgz",
            "integrity": "sha512-KHW6M86R+FUPYGb3R5XiYjXPq7VzwxZ22buHhAEVG5ztoEcZZMLov530mmccaqA1GghZArjQV46fuc8kUqhhHw=="
        },
        "d3-collection": {
            "version": "1.0.7",
            "resolved": "https://registry.npmjs.org/d3-collection/-/d3-collection-1.0.7.tgz",
            "integrity": "sha512-ii0/r5f4sjKNTfh84Di+DpztYwqKhEyUlKoPrzUFfeSkWxjW49xU2QzO9qrPrNkpdI0XJkfzvmTu8V2Zylln6A=="
        },
        "d3-color": {
            "version": "1.4.0",
            "resolved": "https://registry.npmjs.org/d3-color/-/d3-color-1.4.0.tgz",
            "integrity": "sha512-TzNPeJy2+iEepfiL92LAAB7fvnp/dV2YwANPVHdDWmYMm23qIJBYww3qT8I8C1wXrmrg4UWs7BKc2tKIgyjzHg=="
        },
        "d3-ease": {
            "version": "1.0.6",
            "resolved": "https://registry.npmjs.org/d3-ease/-/d3-ease-1.0.6.tgz",
            "integrity": "sha512-SZ/lVU7LRXafqp7XtIcBdxnWl8yyLpgOmzAk0mWBI9gXNzLDx5ybZgnRbH9dN/yY5tzVBqCQ9avltSnqVwessQ=="
        },
        "d3-format": {
            "version": "1.4.3",
            "resolved": "https://registry.npmjs.org/d3-format/-/d3-format-1.4.3.tgz",
            "integrity": "sha512-mm/nE2Y9HgGyjP+rKIekeITVgBtX97o1nrvHCWX8F/yBYyevUTvu9vb5pUnKwrcSw7o7GuwMOWjS9gFDs4O+uQ=="
        },
        "d3-interpolate": {
            "version": "1.4.0",
            "resolved": "https://registry.npmjs.org/d3-interpolate/-/d3-interpolate-1.4.0.tgz",
            "integrity": "sha512-V9znK0zc3jOPV4VD2zZn0sDhZU3WAE2bmlxdIwwQPPzPjvyLkd8B3JUVdS1IDUFDkWZ72c9qnv1GK2ZagTZ8EA==",
            "requires": {
                "d3-color": "1"
            }
        },
        "d3-path": {
            "version": "1.0.9",
            "resolved": "https://registry.npmjs.org/d3-path/-/d3-path-1.0.9.tgz",
            "integrity": "sha512-VLaYcn81dtHVTjEHd8B+pbe9yHWpXKZUC87PzoFmsFrJqgFwDe/qxfp5MlfsfM1V5E/iVt0MmEbWQ7FVIXh/bg=="
        },
        "d3-scale": {
            "version": "1.0.7",
            "resolved": "https://registry.npmjs.org/d3-scale/-/d3-scale-1.0.7.tgz",
            "integrity": "sha512-KvU92czp2/qse5tUfGms6Kjig0AhHOwkzXG0+PqIJB3ke0WUv088AHMZI0OssO9NCkXt4RP8yju9rpH8aGB7Lw==",
            "requires": {
                "d3-array": "^1.2.0",
                "d3-collection": "1",
                "d3-color": "1",
                "d3-format": "1",
                "d3-interpolate": "1",
                "d3-time": "1",
                "d3-time-format": "2"
            }
        },
        "d3-shape": {
            "version": "1.3.7",
            "resolved": "https://registry.npmjs.org/d3-shape/-/d3-shape-1.3.7.tgz",
            "integrity": "sha512-EUkvKjqPFUAZyOlhY5gzCxCeI0Aep04LwIRpsZ/mLFelJiUfnK56jo5JMDSE7yyP2kLSb6LtF+S5chMk7uqPqw==",
            "requires": {
                "d3-path": "1"
            }
        },
        "d3-time": {
            "version": "1.1.0",
            "resolved": "https://registry.npmjs.org/d3-time/-/d3-time-1.1.0.tgz",
            "integrity": "sha512-Xh0isrZ5rPYYdqhAVk8VLnMEidhz5aP7htAADH6MfzgmmicPkTo8LhkLxci61/lCB7n7UmE3bN0leRt+qvkLxA=="
        },
        "d3-time-format": {
            "version": "2.2.3",
            "resolved": "https://registry.npmjs.org/d3-time-format/-/d3-time-format-2.2.3.tgz",
            "integrity": "sha512-RAHNnD8+XvC4Zc4d2A56Uw0yJoM7bsvOlJR33bclxq399Rak/b9bhvu/InjxdWhPtkgU53JJcleJTGkNRnN6IA==",
            "requires": {
                "d3-time": "1"
            }
        },
        "d3-timer": {
            "version": "1.0.10",
            "resolved": "https://registry.npmjs.org/d3-timer/-/d3-timer-1.0.10.tgz",
            "integrity": "sha512-B1JDm0XDaQC+uvo4DT79H0XmBskgS3l6Ve+1SBCfxgmtIb1AVrPIoqd+nPSv+loMX8szQ0sVUhGngL7D5QPiXw=="
        },
        "d3-voronoi": {
            "version": "1.1.4",
            "resolved": "https://registry.npmjs.org/d3-voronoi/-/d3-voronoi-1.1.4.tgz",
            "integrity": "sha512-dArJ32hchFsrQ8uMiTBLq256MpnZjeuBtdHpaDlYuQyjU0CVzCJl/BVW+SkszaAeH95D/8gxqAhgx0ouAWAfRg=="
        },
        "delaunator": {
            "version": "4.0.1",
            "resolved": "https://registry.npmjs.org/delaunator/-/delaunator-4.0.1.tgz",
            "integrity": "sha512-WNPWi1IRKZfCt/qIDMfERkDp93+iZEmOxN2yy4Jg+Xhv8SLk2UTqqbe1sfiipn0and9QrE914/ihdx82Y/Giag=="
        },
        "delaunay-find": {
            "version": "0.0.5",
            "resolved": "https://registry.npmjs.org/delaunay-find/-/delaunay-find-0.0.5.tgz",
            "integrity": "sha512-7yAJ/wmKWj3SgqjtkGqT/RCwI0HWAo5YnHMoF5nYXD8cdci+YSo23iPmgrZUNOpDxRWN91PqxUvMMr2lKpjr+w==",
            "requires": {
                "delaunator": "^4.0.0"
            }
        },
        "js-tokens": {
            "version": "4.0.0",
            "resolved": "https://registry.npmjs.org/js-tokens/-/js-tokens-4.0.0.tgz",
            "integrity": "sha512-RdJUflcE3cUzKiMqQgsCu06FPu9UdIJO0beYbPhHN4k6apgJtifcoCtT9bcxOpYBtpD2kCM6Sbzg4CausW/PKQ=="
        },
        "lodash": {
            "version": "4.17.15",
            "resolved": "https://registry.npmjs.org/lodash/-/lodash-4.17.15.tgz",
            "integrity": "sha512-8xOcRHvCjnocdS5cpwXQXVzmmh5e5+saE2QGoeQmbKmRS6J3VQppPOIt0MnmE+4xlZoumy0GPG0D0MVIQbNA1A=="
        },
        "loose-envify": {
            "version": "1.4.0",
            "resolved": "https://registry.npmjs.org/loose-envify/-/loose-envify-1.4.0.tgz",
            "integrity": "sha512-lyuxPGr/Wfhrlem2CL/UcnUc1zcqKAImBDzukY7Y5F/yQiNdko6+fRLevlw1HgMySw7f611UIY408EtxRSoK3Q==",
            "requires": {
                "js-tokens": "^3.0.0 || ^4.0.0"
            }
        },
        "object-assign": {
            "version": "4.1.1",
            "resolved": "https://registry.npmjs.org/object-assign/-/object-assign-4.1.1.tgz",
            "integrity": "sha1-IQmtx5ZYh8/AXLvUQsrIv7s2CGM="
        },
        "prop-types": {
            "version": "15.7.2",
            "resolved": "https://registry.npmjs.org/prop-types/-/prop-types-15.7.2.tgz",
            "integrity": "sha512-8QQikdH7//R2vurIJSutZ1smHYTcLpRWEOlHnzcWHmBYrOGUysKwSsrC89BCiFj3CbrfJ/nXFdJepOVrY1GCHQ==",
            "requires": {
                "loose-envify": "^1.4.0",
                "object-assign": "^4.1.1",
                "react-is": "^16.8.1"
            }
        },
        "react": {
            "version": "16.12.0",
            "resolved": "https://registry.npmjs.org/react/-/react-16.12.0.tgz",
            "integrity": "sha512-fglqy3k5E+81pA8s+7K0/T3DBCF0ZDOher1elBFzF7O6arXJgzyu/FW+COxFvAWXJoJN9KIZbT2LXlukwphYTA==",
            "requires": {
                "loose-envify": "^1.1.0",
                "object-assign": "^4.1.1",
                "prop-types": "^15.6.2"
            }
        },
        "react-dom": {
            "version": "16.12.0",
            "resolved": "https://registry.npmjs.org/react-dom/-/react-dom-16.12.0.tgz",
            "integrity": "sha512-LMxFfAGrcS3kETtQaCkTKjMiifahaMySFDn71fZUNpPHZQEzmk/GiAeIT8JSOrHB23fnuCOMruL2a8NYlw+8Gw==",
            "requires": {
                "loose-envify": "^1.1.0",
                "object-assign": "^4.1.1",
                "prop-types": "^15.6.2",
                "scheduler": "^0.18.0"
            }
        },
        "react-fast-compare": {
            "version": "2.0.4",
            "resolved": "https://registry.npmjs.org/react-fast-compare/-/react-fast-compare-2.0.4.tgz",
            "integrity": "sha512-suNP+J1VU1MWFKcyt7RtjiSWUjvidmQSlqu+eHslq+342xCbGTYmC0mEhPCOHxlW0CywylOC1u2DFAT+bv4dBw=="
        },
        "react-is": {
            "version": "16.12.0",
            "resolved": "https://registry.npmjs.org/react-is/-/react-is-16.12.0.tgz",
            "integrity": "sha512-rPCkf/mWBtKc97aLL9/txD8DZdemK0vkA3JMLShjlJB3Pj3s+lpf1KaBzMfQrAmhMQB0n1cU/SUGgKKBCe837Q=="
        },
        "scheduler": {
            "version": "0.18.0",
            "resolved": "https://registry.npmjs.org/scheduler/-/scheduler-0.18.0.tgz",
            "integrity": "sha512-agTSHR1Nbfi6ulI0kYNK0203joW2Y5W4po4l+v03tOoiJKpTBbxpNhWDvqc/4IcOw+KLmSiQLTasZ4cab2/UWQ==",
            "requires": {
                "loose-envify": "^1.1.0",
                "object-assign": "^4.1.1"
            }
        },
        "victory": {
            "version": "34.0.0",
            "resolved": "https://registry.npmjs.org/victory/-/victory-34.0.0.tgz",
            "integrity": "sha512-8s+UCJcUSPTB+LTE1wAs9wQI5JSBKPEOtJTqKHPAsnWMWgR9aY9Mkr33shVKbemHG5ZKNVSu8Asg/Z1kq/vBkw==",
            "requires": {
                "victory-area": "^34.0.0",
                "victory-axis": "^34.0.0",
                "victory-bar": "^34.0.0",
                "victory-box-plot": "^34.0.0",
                "victory-brush-container": "^34.0.0",
                "victory-brush-line": "^34.0.0",
                "victory-candlestick": "^34.0.0",
                "victory-chart": "^34.0.0",
                "victory-core": "^34.0.0",
                "victory-create-container": "^34.0.0",
                "victory-cursor-container": "^34.0.0",
                "victory-errorbar": "^34.0.0",
                "victory-group": "^34.0.0",
                "victory-legend": "^34.0.0",
                "victory-line": "^34.0.0",
                "victory-pie": "^34.0.0",
                "victory-polar-axis": "^34.0.0",
                "victory-scatter": "^34.0.0",
                "victory-selection-container": "^34.0.0",
                "victory-shared-events": "^34.0.0",
                "victory-stack": "^34.0.0",
                "victory-tooltip": "^34.0.0",
                "victory-voronoi": "^34.0.0",
                "victory-voronoi-container": "^34.0.0",
                "victory-zoom-container": "^34.0.0"
            }
        },
        "victory-area": {
            "version": "34.0.0",
            "resolved": "https://registry.npmjs.org/victory-area/-/victory-area-34.0.0.tgz",
            "integrity": "sha512-H3f4iBt5FgRkmuJdXArtCK10TPOrXgHI5LeGGWwzq70F1Y+yFmR/mgShWKmdrLVCBlhJFvKbxriHVnC0jFb4dA==",
            "requires": {
                "d3-shape": "^1.2.0",
                "lodash": "^4.17.15",
                "prop-types": "^15.5.8",
                "victory-core": "^34.0.0"
            }
        },
        "victory-axis": {
            "version": "34.0.0",
            "resolved": "https://registry.npmjs.org/victory-axis/-/victory-axis-34.0.0.tgz",
            "integrity": "sha512-8oGcYYBB3l3DvZVFFqZhvpDDWXDZKiuOeqmxW5eBYSrPYjtAlnCA3VF9ZivOIpK3DmG1w6TSveNFZkfa1U64mw==",
            "requires": {
                "lodash": "^4.17.15",
                "prop-types": "^15.5.8",
                "victory-core": "^34.0.0"
            }
        },
        "victory-bar": {
            "version": "34.0.0",
            "resolved": "https://registry.npmjs.org/victory-bar/-/victory-bar-34.0.0.tgz",
            "integrity": "sha512-DBm0FN1x8E3z+3+hA53XMM/1raeSRbt+p4KjChk+NZKEmqfUzRgWUx7cO5fKfIKoPS9V+LzeaoEckd67tk+lCQ==",
            "requires": {
                "d3-shape": "^1.2.0",
                "lodash": "^4.17.15",
                "prop-types": "^15.5.8",
                "victory-core": "^34.0.0"
            }
        },
        "victory-box-plot": {
            "version": "34.0.0",
            "resolved": "https://registry.npmjs.org/victory-box-plot/-/victory-box-plot-34.0.0.tgz",
            "integrity": "sha512-lNa82W7I9rqJiFjunmLCMia16uq7tN1RDbfUyAZEWkmPHN2ZGWBkVAU6oODylaP6S06ymsU1oVedNziBulK9bA==",
            "requires": {
                "d3-array": "^1.2.0",
                "lodash": "^4.17.15",
                "prop-types": "^15.5.8",
                "victory-core": "^34.0.0"
            }
        },
        "victory-brush-container": {
            "version": "34.0.0",
            "resolved": "https://registry.npmjs.org/victory-brush-container/-/victory-brush-container-34.0.0.tgz",
            "integrity": "sha512-7Gr2briyMvVGP0lFGeH/L0B4t6yp8IU40X5NXKK12J14Knu8i23qPgDlh26dBAUzxbXfVoWa6zABw7ETU1C2ag==",
            "requires": {
                "lodash": "^4.17.15",
                "prop-types": "^15.5.8",
                "victory-core": "^34.0.0"
            }
        },
        "victory-brush-line": {
            "version": "34.0.0",
            "resolved": "https://registry.npmjs.org/victory-brush-line/-/victory-brush-line-34.0.0.tgz",
            "integrity": "sha512-vHKklgGM9gVHea/PfTGw6qbsCU1ZRZLRAB1wtpqlinr9hWMNXceZ+cTcdgB3DrJ6ITEGSjmx15ZoaeSXygsd0w==",
            "requires": {
                "lodash": "^4.17.15",
                "prop-types": "^15.5.8",
                "victory-core": "^34.0.0"
            }
        },
        "victory-candlestick": {
            "version": "34.0.0",
            "resolved": "https://registry.npmjs.org/victory-candlestick/-/victory-candlestick-34.0.0.tgz",
            "integrity": "sha512-xMC+RZpKR4X1w5b+AGn/emvJX8BJJXdF941dedCgNaXElAhlHWoHiVD/vZcdDaNfNjNC2xcVvNeSafg8DIKUgg==",
            "requires": {
                "lodash": "^4.17.15",
                "prop-types": "^15.5.8",
                "victory-core": "^34.0.0"
            }
        },
        "victory-chart": {
            "version": "34.0.0",
            "resolved": "https://registry.npmjs.org/victory-chart/-/victory-chart-34.0.0.tgz",
            "integrity": "sha512-A4qVb14apdDEn8DcwiAzti2B5uDO+I0CpQc5J2PSQfLQjD/MuI4t9H4vdHXRIS/s2SIekAZX6G6oBd1o5dV2eg==",
            "requires": {
                "lodash": "^4.17.15",
                "prop-types": "^15.5.8",
                "react-fast-compare": "^2.0.0",
                "victory-axis": "^34.0.0",
                "victory-core": "^34.0.0",
                "victory-polar-axis": "^34.0.0",
                "victory-shared-events": "^34.0.0"
            }
        },
        "victory-core": {
            "version": "34.0.0",
            "resolved": "https://registry.npmjs.org/victory-core/-/victory-core-34.0.0.tgz",
            "integrity": "sha512-74vQvOVJaebF6CFN/c9WkRzD57xDQnD/9ixPf7rMhGM8ZWnji2M4N2N1OS0MROOdHh2HBzKDsptQQ++g1m+X7Q==",
            "requires": {
                "d3-ease": "^1.0.0",
                "d3-interpolate": "^1.1.1",
                "d3-scale": "^1.0.0",
                "d3-shape": "^1.2.0",
                "d3-timer": "^1.0.0",
                "lodash": "^4.17.15",
                "prop-types": "^15.5.8",
                "react-fast-compare": "^2.0.0"
            }
        },
        "victory-create-container": {
            "version": "34.0.0",
            "resolved": "https://registry.npmjs.org/victory-create-container/-/victory-create-container-34.0.0.tgz",
            "integrity": "sha512-OnilCrq9dxw5E9TLDJTyfmlJYL0mRgq6oz4JV/T6x65oS4J+wkfIQhRiT4yaIHWd9kZCCm1lqDOZqn/StLMXWw==",
            "requires": {
                "lodash": "^4.17.15",
                "victory-brush-container": "^34.0.0",
                "victory-core": "^34.0.0",
                "victory-cursor-container": "^34.0.0",
                "victory-selection-container": "^34.0.0",
                "victory-voronoi-container": "^34.0.0",
                "victory-zoom-container": "^34.0.0"
            }
        },
        "victory-cursor-container": {
            "version": "34.0.0",
            "resolved": "https://registry.npmjs.org/victory-cursor-container/-/victory-cursor-container-34.0.0.tgz",
            "integrity": "sha512-Xp0+ZZSTYpOKJFSEumLt1ki2WYUj00BwXe3p7wIIXYmWgorDueOxemTMKTi8H0USOeNdeRrqfGWEwHcw+MhbIw==",
            "requires": {
                "lodash": "^4.17.15",
                "prop-types": "^15.5.8",
                "victory-core": "^34.0.0"
            }
        },
        "victory-errorbar": {
            "version": "34.0.0",
            "resolved": "https://registry.npmjs.org/victory-errorbar/-/victory-errorbar-34.0.0.tgz",
            "integrity": "sha512-grFneqmw37Me3g+JjkaNFnNw09PV1CQ9j4krm/lyh1Ah+0hQMSqpOhSkBuTUy2EHvCtzCD81i3uY/6Wu5Pl8Kw==",
            "requires": {
                "lodash": "^4.17.15",
                "prop-types": "^15.5.8",
                "victory-core": "^34.0.0"
            }
        },
        "victory-group": {
            "version": "34.0.0",
            "resolved": "https://registry.npmjs.org/victory-group/-/victory-group-34.0.0.tgz",
            "integrity": "sha512-l/r310THInanP50YGBFj3JSsLc+p8WUQlp4I+/1gVbhbOkn6JdveVRAFq5jeW6WJauHlSHNWHgkeGp3AdEVZmQ==",
            "requires": {
                "lodash": "^4.17.15",
                "prop-types": "^15.5.8",
                "react-fast-compare": "^2.0.0",
                "victory-core": "^34.0.0"
            }
        },
        "victory-legend": {
            "version": "34.0.0",
            "resolved": "https://registry.npmjs.org/victory-legend/-/victory-legend-34.0.0.tgz",
            "integrity": "sha512-z5njQFRPGBniTos/+TlBrhw2mMS1EuNbrXObgWc6byQPFgbS8ezHOXGCcfTLB146kaozOReZqkFgHtgZhlmbJA==",
            "requires": {
                "lodash": "^4.17.15",
                "prop-types": "^15.5.8",
                "victory-core": "^34.0.0"
            }
        },
        "victory-line": {
            "version": "34.0.0",
            "resolved": "https://registry.npmjs.org/victory-line/-/victory-line-34.0.0.tgz",
            "integrity": "sha512-/0PXyCRaYt6mDsyoWjvFfqHZEE/qNzXO3g3SAVhSLE7QGsPWxikZC2AKyBjrXFitaz9Pzjou2CZcKgmy5v5dhg==",
            "requires": {
                "d3-shape": "^1.2.0",
                "lodash": "^4.17.15",
                "prop-types": "^15.5.8",
                "victory-core": "^34.0.0"
            }
        },
        "victory-pie": {
            "version": "34.0.0",
            "resolved": "https://registry.npmjs.org/victory-pie/-/victory-pie-34.0.0.tgz",
            "integrity": "sha512-2vQzXVOOL/Ts9TWukURAby4KwW0Nasg18jXpn7J0tpB2eTm0RWFoKil/BHUB47lKnP5bfFHItnTDgS2yDNCAHw==",
            "requires": {
                "d3-shape": "^1.0.0",
                "lodash": "^4.17.15",
                "prop-types": "^15.5.8",
                "victory-core": "^34.0.0"
            }
        },
        "victory-polar-axis": {
            "version": "34.0.0",
            "resolved": "https://registry.npmjs.org/victory-polar-axis/-/victory-polar-axis-34.0.0.tgz",
            "integrity": "sha512-5N0apVAQEO3deglVIGf8nlgrIU8jg5sdQqLwMiKfedTJWrT/FPLYDyI0t5Y4drEyln8uPRTCfc3KWcrR9Y9AEA==",
            "requires": {
                "lodash": "^4.17.15",
                "prop-types": "^15.5.8",
                "victory-core": "^34.0.0"
            }
        },
        "victory-scatter": {
            "version": "34.0.0",
            "resolved": "https://registry.npmjs.org/victory-scatter/-/victory-scatter-34.0.0.tgz",
            "integrity": "sha512-+s94zS9zf/8gmkXyjrKWjCqaSC1rxhobON9pXZSGMcGj3XnaNTW95yso63U3Arr9wsrU5nk6EdqW2ivNbJvJJw==",
            "requires": {
                "lodash": "^4.17.15",
                "prop-types": "^15.5.8",
                "victory-core": "^34.0.0"
            }
        },
        "victory-selection-container": {
            "version": "34.0.0",
            "resolved": "https://registry.npmjs.org/victory-selection-container/-/victory-selection-container-34.0.0.tgz",
            "integrity": "sha512-iPrMUjKga7+Y7hpkhtHyy/R11bgOBWcIVJsQpF0ef3kK1A3UvC04iprq/C4V/n+H4Uul2wxGwFFV6KpMYAchhQ==",
            "requires": {
                "lodash": "^4.17.15",
                "prop-types": "^15.5.8",
                "victory-core": "^34.0.0"
            }
        },
        "victory-shared-events": {
            "version": "34.0.0",
            "resolved": "https://registry.npmjs.org/victory-shared-events/-/victory-shared-events-34.0.0.tgz",
            "integrity": "sha512-jpFv2bQV607sTJeW3qGndxqn56GBM1UewWP4spkSuzAclTXjlqWVjA6kv+0tVnlcd1QuqmjtZ8Zb+weKgS9ufA==",
            "requires": {
                "lodash": "^4.17.15",
                "prop-types": "^15.5.8",
                "react-fast-compare": "^2.0.0",
                "victory-core": "^34.0.0"
            }
        },
        "victory-stack": {
            "version": "34.0.0",
            "resolved": "https://registry.npmjs.org/victory-stack/-/victory-stack-34.0.0.tgz",
            "integrity": "sha512-MY2hlvpQXoV/x/0XLLcfOd1Abmb2tvcpWT8GZR7NlsbT6axv5R6covGx/atMV6OphOp3Quz/bSfeLRoQgTi5bA==",
            "requires": {
                "lodash": "^4.17.15",
                "prop-types": "^15.5.8",
                "react-fast-compare": "^2.0.0",
                "victory-core": "^34.0.0"
            }
        },
        "victory-tooltip": {
            "version": "34.0.0",
            "resolved": "https://registry.npmjs.org/victory-tooltip/-/victory-tooltip-34.0.0.tgz",
            "integrity": "sha512-YgC9q2u6CQNUQMY1vE6hOmd2YsgFk9JlITn8KwSRxVwnm22+sKcWQPTSyONfrkCm8Je0I+6CdzSkWlrnoQXZFg==",
            "requires": {
                "lodash": "^4.17.15",
                "prop-types": "^15.5.8",
                "victory-core": "^34.0.0"
            }
        },
        "victory-voronoi": {
            "version": "34.0.0",
            "resolved": "https://registry.npmjs.org/victory-voronoi/-/victory-voronoi-34.0.0.tgz",
            "integrity": "sha512-1ounW9GVKtnpQg8yznyUqHipqMulo+/D3LtErMWpuOSsDpZQ+wW8cTAS4Z5MKpsE4QGm1QM8vWTrw4eaUQghFg==",
            "requires": {
                "d3-voronoi": "^1.1.2",
                "lodash": "^4.17.15",
                "prop-types": "^15.5.8",
                "victory-core": "^34.0.0"
            }
        },
        "victory-voronoi-container": {
            "version": "34.0.0",
            "resolved": "https://registry.npmjs.org/victory-voronoi-container/-/victory-voronoi-container-34.0.0.tgz",
            "integrity": "sha512-vixzR2cfj6l+FfUaTK9cFjkwWBBD4en9VEykRZrEDWClq/iDxM4ukU6+JmmMY9ht0SSER8AkiqT/Kt5OBu7YmQ==",
            "requires": {
                "delaunay-find": "0.0.5",
                "lodash": "^4.17.15",
                "prop-types": "^15.5.8",
                "victory-core": "^34.0.0",
                "victory-tooltip": "^34.0.0"
            }
        },
        "victory-zoom-container": {
            "version": "34.0.0",
            "resolved": "https://registry.npmjs.org/victory-zoom-container/-/victory-zoom-container-34.0.0.tgz",
            "integrity": "sha512-6+ZTdFi/JcYnUBetHKlGJ64CZsCLsNcla2otjRr0ixK6EbcHR1C+y9leRRJm3WGF8qy98GkGTfaLs3bgA7QGIg==",
            "requires": {
                "lodash": "^4.17.15",
                "prop-types": "^15.5.8",
                "victory-core": "^34.0.0"
            }
        }
    }
}
